dependencies:
  espressif/esp_codec_dev:
    component_hash: 9293329ccb361f67c6e847ab8f693b2d9158b2e438eff583c28558c29cdf3dca
    dependencies:
    - name: idf
      require: private
      version: '>=4.0'
    source:
      registry_url: https://components.espressif.com/
      type: service
    version: 1.5.9
  idf:
    source:
      type: idf
    version: 6.0.0
direct_dependencies:
- espressif/esp_codec_dev
manifest_hash: 556a70b49374b0d87870ef6ca0b45694d2fde5ca26bfddcd944ab1806630a310
target: esp32s3
version: 2.0.0
